
Microsoft Visual Studio Solution File, Format Version 12.00
Project("{FAE04EC0-301F-11D3-BF4B-00C04F79EFBC}") = "Drammer.Package.Template", "src/Drammer.Package.Template\Drammer.Package.Template.csproj", "{8A496FD4-1133-4A9B-A3C9-FAF96EBD591B}"
EndProject
Project("{2150E333-8FDC-42A3-9474-1A3956D46DE8}") = "SolutionItems", "SolutionItems", "{7E308D70-4167-40B5-BFC5-F5A2FB16BB8A}"
	ProjectSection(SolutionItems) = preProject
		.gitignore = .gitignore
		LICENSE = LICENSE
		README.md = README.md
		SECURITY.md = SECURITY.md
		icon.png = icon.png
	EndProjectSection
EndProject
Project("{2150E333-8FDC-42A3-9474-1A3956D46DE8}") = "Src", "Src", "{56798D51-C912-4418-9CCE-0B2F54ED88C3}"
EndProject
Project("{2150E333-8FDC-42A3-9474-1A3956D46DE8}") = "Tests", "Tests", "{ED1A2648-32DE-4166-9A59-2AE3F5E80693}"
EndProject
Project("{2150E333-8FDC-42A3-9474-1A3956D46DE8}") = "Workflows", "Workflows", "{44EC9FFA-B104-4A18-87F3-9BC51FF1BF17}"
	ProjectSection(SolutionItems) = preProject
		.github\dependabot.yml = .github\dependabot.yml
		.github\workflows\build.yml = .github\workflows\build.yml
		.github\workflows\release.yml = .github\workflows\release.yml
	EndProjectSection
EndProject
Global
	GlobalSection(SolutionConfigurationPlatforms) = preSolution
		Debug|Any CPU = Debug|Any CPU
		Release|Any CPU = Release|Any CPU
	EndGlobalSection
	GlobalSection(ProjectConfigurationPlatforms) = postSolution
		{8A496FD4-1133-4A9B-A3C9-FAF96EBD591B}.Debug|Any CPU.ActiveCfg = Debug|Any CPU
		{8A496FD4-1133-4A9B-A3C9-FAF96EBD591B}.Debug|Any CPU.Build.0 = Debug|Any CPU
		{8A496FD4-1133-4A9B-A3C9-FAF96EBD591B}.Release|Any CPU.ActiveCfg = Release|Any CPU
		{8A496FD4-1133-4A9B-A3C9-FAF96EBD591B}.Release|Any CPU.Build.0 = Release|Any CPU
	EndGlobalSection
	GlobalSection(NestedProjects) = preSolution
		{8A496FD4-1133-4A9B-A3C9-FAF96EBD591B} = {56798D51-C912-4418-9CCE-0B2F54ED88C3}
	EndGlobalSection
EndGlobal
